// !$*UTF8*$!
{
	archiveVersion = 1;
	classes = {
	};
	objectVersion = 77;
	objects = {

/* Begin PBXBuildFile section */
		B00000000000000000000001 /* StornautCore in Frameworks */ = {isa = PBXBuildFile; productRef = F00000000000000000000002 /* StornautCore */; };
		B00000000000000000000002 /* StornautCodex in Frameworks */ = {isa = PBXBuildFile; productRef = F00000000000000000000003 /* StornautCodex */; };
		B00000000000000000000003 /* StornautLifecycle in Frameworks */ = {isa = PBXBuildFile; productRef = F00000000000000000000004 /* StornautLifecycle */; };
		B00000000000000000000004 /* StornautLifecycleHelper in Copy Helper */ = {isa = PBXBuildFile; fileRef = D00000000000000000000004 /* StornautLifecycleHelper */; };
		B00000000000000000000006 /* StornautLifecycle in Frameworks */ = {isa = PBXBuildFile; productRef = F00000000000000000000004 /* StornautLifecycle */; };
		B00000000000000000000007 /* StornautCodex in Frameworks */ = {isa = PBXBuildFile; productRef = F00000000000000000000003 /* StornautCodex */; };
/* End PBXBuildFile section */

/* Begin PBXContainerItemProxy section */
		C00000000000000000000001 /* PBXContainerItemProxy */ = {
			isa = PBXContainerItemProxy;
			containerPortal = A00000000000000000000000 /* Project object */;
			proxyType = 1;
			remoteGlobalIDString = A00000000000000000000001;
			remoteInfo = StornautApp;
		};
		C00000000000000000000003 /* PBXContainerItemProxy */ = {
			isa = PBXContainerItemProxy;
			containerPortal = A00000000000000000000000 /* Project object */;
			proxyType = 1;
			remoteGlobalIDString = A00000000000000000000001;
			remoteInfo = StornautApp;
		};
		C00000000000000000000005 /* PBXContainerItemProxy */ = {
			isa = PBXContainerItemProxy;
			containerPortal = A00000000000000000000000 /* Project object */;
			proxyType = 1;
			remoteGlobalIDString = A00000000000000000000004;
			remoteInfo = StornautLifecycleHelper;
		};
/* End PBXContainerItemProxy section */

/* Begin PBXCopyFilesBuildPhase section */
		B00000000000000000000040 /* Copy Helper */ = {
			isa = PBXCopyFilesBuildPhase;
			buildActionMask = 2147483647;
			dstPath = Contents/MacOS;
			dstSubfolderSpec = 1;
			files = (
				B00000000000000000000004 /* StornautLifecycleHelper in Copy Helper */,
			);
			name = "Copy Helper";
			runOnlyForDeploymentPostprocessing = 0;
		};
/* End PBXCopyFilesBuildPhase section */

/* Begin PBXFileReference section */
		D00000000000000000000001 /* Stornaut.app */ = {isa = PBXFileReference; explicitFileType = wrapper.application; includeInIndex = 0; path = Stornaut.app; sourceTree = BUILT_PRODUCTS_DIR; };
		D00000000000000000000002 /* StornautAppTests.xctest */ = {isa = PBXFileReference; explicitFileType = wrapper.cfbundle; includeInIndex = 0; path = StornautAppTests.xctest; sourceTree = BUILT_PRODUCTS_DIR; };
		D00000000000000000000003 /* StornautAppUITests.xctest */ = {isa = PBXFileReference; explicitFileType = wrapper.cfbundle; includeInIndex = 0; path = StornautAppUITests.xctest; sourceTree = BUILT_PRODUCTS_DIR; };
		D00000000000000000000004 /* StornautLifecycleHelper */ = {isa = PBXFileReference; explicitFileType = "compiled.mach-o.executable"; includeInIndex = 0; path = StornautLifecycleHelper; sourceTree = BUILT_PRODUCTS_DIR; };
		D00000000000000000000005 /* com.eriklee.stornaut.lifecycle.plist */ = {isa = PBXFileReference; lastKnownFileType = text.plist.xml; path = StornautLifecycleHelper/com.eriklee.stornaut.lifecycle.plist; sourceTree = SOURCE_ROOT; };
/* End PBXFileReference section */

/* Begin PBXFileSystemSynchronizedBuildFileExceptionSet section */
		E00000000000000000000003 /* Exceptions for StornautApp */ = {
			isa = PBXFileSystemSynchronizedBuildFileExceptionSet;
			membershipExceptions = (
				Info.plist,
				StornautApp.entitlements,
			);
			target = A00000000000000000000001 /* StornautApp */;
		};
/* End PBXFileSystemSynchronizedBuildFileExceptionSet section */

/* Begin PBXFileSystemSynchronizedRootGroup section */
		E00000000000000000000001 /* StornautApp */ = {
			isa = PBXFileSystemSynchronizedRootGroup;
			exceptions = (
				E00000000000000000000003 /* Exceptions for StornautApp */,
			);
			explicitFileTypes = {
			};
			explicitFolders = (
			);
			path = StornautApp;
			sourceTree = "<group>";
		};
		E00000000000000000000002 /* StornautAppTests */ = {
			isa = PBXFileSystemSynchronizedRootGroup;
			explicitFileTypes = {
			};
			explicitFolders = (
			);
			path = StornautAppTests;
			sourceTree = "<group>";
		};
		E00000000000000000000004 /* StornautAppUITests */ = {
			isa = PBXFileSystemSynchronizedRootGroup;
			explicitFileTypes = {
			};
			explicitFolders = (
			);
			path = StornautAppUITests;
			sourceTree = "<group>";
		};
		E00000000000000000000005 /* StornautLifecycleHelper */ = {
			isa = PBXFileSystemSynchronizedRootGroup;
			explicitFileTypes = {
			};
			explicitFolders = (
			);
			path = StornautLifecycleHelper;
			sourceTree = "<group>";
		};
/* End PBXFileSystemSynchronizedRootGroup section */

/* Begin PBXFrameworksBuildPhase section */
		B00000000000000000000010 /* Frameworks */ = {
			isa = PBXFrameworksBuildPhase;
			buildActionMask = 2147483647;
			files = (
				B00000000000000000000001 /* StornautCore in Frameworks */,
				B00000000000000000000002 /* StornautCodex in Frameworks */,
				B00000000000000000000006 /* StornautLifecycle in Frameworks */,
			);
			runOnlyForDeploymentPostprocessing = 0;
		};
		B00000000000000000000011 /* Frameworks */ = {
			isa = PBXFrameworksBuildPhase;
			buildActionMask = 2147483647;
			files = (
			);
			runOnlyForDeploymentPostprocessing = 0;
		};
		B00000000000000000000012 /* Frameworks */ = {
			isa = PBXFrameworksBuildPhase;
			buildActionMask = 2147483647;
			files = (
			);
			runOnlyForDeploymentPostprocessing = 0;
		};
		B00000000000000000000013 /* Frameworks */ = {
			isa = PBXFrameworksBuildPhase;
			buildActionMask = 2147483647;
			files = (
				B00000000000000000000007 /* StornautCodex in Frameworks */,
				B00000000000000000000003 /* StornautLifecycle in Frameworks */,
			);
			runOnlyForDeploymentPostprocessing = 0;
		};
/* End PBXFrameworksBuildPhase section */

/* Begin PBXGroup section */
		A00000000000000000000010 = {
			isa = PBXGroup;
			children = (
				E00000000000000000000001 /* StornautApp */,
				E00000000000000000000002 /* StornautAppTests */,
				E00000000000000000000004 /* StornautAppUITests */,
				E00000000000000000000005 /* StornautLifecycleHelper */,
				D00000000000000000000005 /* com.eriklee.stornaut.lifecycle.plist */,
				A00000000000000000000011 /* Products */,
			);
			sourceTree = "<group>";
		};
		A00000000000000000000011 /* Products */ = {
			isa = PBXGroup;
			children = (
				D00000000000000000000001 /* Stornaut.app */,
				D00000000000000000000002 /* StornautAppTests.xctest */,
				D00000000000000000000003 /* StornautAppUITests.xctest */,
				D00000000000000000000004 /* StornautLifecycleHelper */,
			);
			name = Products;
			sourceTree = "<group>";
		};
/* End PBXGroup section */

/* Begin PBXNativeTarget section */
		A00000000000000000000001 /* StornautApp */ = {
			isa = PBXNativeTarget;
			buildConfigurationList = A00000000000000000000021 /* Build configuration list for PBXNativeTarget "StornautApp" */;
			buildPhases = (
				B00000000000000000000020 /* Sources */,
				B00000000000000000000010 /* Frameworks */,
				B00000000000000000000030 /* Resources */,
				B00000000000000000000040 /* Copy Helper */,
			);
			buildRules = (
			);
			dependencies = (
				C00000000000000000000006 /* PBXTargetDependency */,
			);
			fileSystemSynchronizedGroups = (
				E00000000000000000000001 /* StornautApp */,
			);
			name = StornautApp;
			packageProductDependencies = (
				F00000000000000000000002 /* StornautCore */,
				F00000000000000000000003 /* StornautCodex */,
				F00000000000000000000004 /* StornautLifecycle */,
			);
			productName = Stornaut;
			productReference = D00000000000000000000001 /* Stornaut.app */;
			productType = "com.apple.product-type.application";
		};
		A00000000000000000000002 /* StornautAppTests */ = {
			isa = PBXNativeTarget;
			buildConfigurationList = A00000000000000000000022 /* Build configuration list for PBXNativeTarget "StornautAppTests" */;
			buildPhases = (
				B00000000000000000000021 /* Sources */,
				B00000000000000000000011 /* Frameworks */,
				B00000000000000000000031 /* Resources */,
			);
			buildRules = (
			);
			dependencies = (
				C00000000000000000000002 /* PBXTargetDependency */,
			);
			fileSystemSynchronizedGroups = (
				E00000000000000000000002 /* StornautAppTests */,
			);
			name = StornautAppTests;
			packageProductDependencies = (
			);
			productName = StornautAppTests;
			productReference = D00000000000000000000002 /* StornautAppTests.xctest */;
			productType = "com.apple.product-type.bundle.unit-test";
		};
		A00000000000000000000003 /* StornautAppUITests */ = {
			isa = PBXNativeTarget;
			buildConfigurationList = A00000000000000000000023 /* Build configuration list for PBXNativeTarget "StornautAppUITests" */;
			buildPhases = (
				B00000000000000000000022 /* Sources */,
				B00000000000000000000012 /* Frameworks */,
				B00000000000000000000032 /* Resources */,
			);
			buildRules = (
			);
			dependencies = (
				C00000000000000000000004 /* PBXTargetDependency */,
			);
			fileSystemSynchronizedGroups = (
				E00000000000000000000004 /* StornautAppUITests */,
			);
			name = StornautAppUITests;
			packageProductDependencies = (
			);
			productName = StornautAppUITests;
			productReference = D00000000000000000000003 /* StornautAppUITests.xctest */;
			productType = "com.apple.product-type.bundle.ui-testing";
		};
		A00000000000000000000004 /* StornautLifecycleHelper */ = {
			isa = PBXNativeTarget;
			buildConfigurationList = A00000000000000000000024 /* Build configuration list for PBXNativeTarget "StornautLifecycleHelper" */;
			buildPhases = (
				B00000000000000000000023 /* Sources */,
				B00000000000000000000013 /* Frameworks */,
			);
			buildRules = (
			);
			dependencies = (
			);
			fileSystemSynchronizedGroups = (
				E00000000000000000000005 /* StornautLifecycleHelper */,
			);
			name = StornautLifecycleHelper;
			packageProductDependencies = (
				F00000000000000000000003 /* StornautCodex */,
				F00000000000000000000004 /* StornautLifecycle */,
			);
			productName = StornautLifecycleHelper;
			productReference = D00000000000000000000004 /* StornautLifecycleHelper */;
			productType = "com.apple.product-type.tool";
		};
/* End PBXNativeTarget section */

/* Begin PBXProject section */
		A00000000000000000000000 /* Project object */ = {
			isa = PBXProject;
			attributes = {
				BuildIndependentTargetsInParallel = 1;
				LastSwiftUpdateCheck = 2660;
				LastUpgradeCheck = 2660;
				TargetAttributes = {
					A00000000000000000000001 = {
						CreatedOnToolsVersion = 26.6;
					};
					A00000000000000000000002 = {
						CreatedOnToolsVersion = 26.6;
						TestTargetID = A00000000000000000000001;
					};
					A00000000000000000000003 = {
						CreatedOnToolsVersion = 26.6;
						TestTargetID = A00000000000000000000001;
					};
				};
			};
			buildConfigurationList = A00000000000000000000020 /* Build configuration list for PBXProject "Stornaut" */;
			developmentRegion = en;
			hasScannedForEncodings = 0;
			knownRegions = (
				en,
				Base,
				"zh-Hans",
			);
			mainGroup = A00000000000000000000010;
			minimizedProjectReferenceProxies = 1;
			packageReferences = (
				F00000000000000000000001 /* XCLocalSwiftPackageReference "." */,
			);
			preferredProjectObjectVersion = 77;
			productRefGroup = A00000000000000000000011 /* Products */;
			projectDirPath = "";
			projectRoot = "";
			targets = (
				A00000000000000000000001 /* StornautApp */,
				A00000000000000000000002 /* StornautAppTests */,
				A00000000000000000000003 /* StornautAppUITests */,
				A00000000000000000000004 /* StornautLifecycleHelper */,
			);
		};
/* End PBXProject section */

/* Begin PBXResourcesBuildPhase section */
		B00000000000000000000030 /* Resources */ = {
			isa = PBXResourcesBuildPhase;
			buildActionMask = 2147483647;
			files = (
			);
			runOnlyForDeploymentPostprocessing = 0;
		};
		B00000000000000000000031 /* Resources */ = {
			isa = PBXResourcesBuildPhase;
			buildActionMask = 2147483647;
			files = (
			);
			runOnlyForDeploymentPostprocessing = 0;
		};
		B00000000000000000000032 /* Resources */ = {
			isa = PBXResourcesBuildPhase;
			buildActionMask = 2147483647;
			files = (
			);
			runOnlyForDeploymentPostprocessing = 0;
		};
/* End PBXResourcesBuildPhase section */

/* Begin PBXSourcesBuildPhase section */
		B00000000000000000000020 /* Sources */ = {
			isa = PBXSourcesBuildPhase;
			buildActionMask = 2147483647;
			files = (
			);
			runOnlyForDeploymentPostprocessing = 0;
		};
		B00000000000000000000021 /* Sources */ = {
			isa = PBXSourcesBuildPhase;
			buildActionMask = 2147483647;
			files = (
			);
			runOnlyForDeploymentPostprocessing = 0;
		};
		B00000000000000000000022 /* Sources */ = {
			isa = PBXSourcesBuildPhase;
			buildActionMask = 2147483647;
			files = (
			);
			runOnlyForDeploymentPostprocessing = 0;
		};
		B00000000000000000000023 /* Sources */ = {
			isa = PBXSourcesBuildPhase;
			buildActionMask = 2147483647;
			files = (
			);
			runOnlyForDeploymentPostprocessing = 0;
		};
/* End PBXSourcesBuildPhase section */

/* Begin PBXTargetDependency section */
		C00000000000000000000002 /* PBXTargetDependency */ = {
			isa = PBXTargetDependency;
			target = A00000000000000000000001 /* StornautApp */;
			targetProxy = C00000000000000000000001 /* PBXContainerItemProxy */;
		};
		C00000000000000000000004 /* PBXTargetDependency */ = {
			isa = PBXTargetDependency;
			target = A00000000000000000000001 /* StornautApp */;
			targetProxy = C00000000000000000000003 /* PBXContainerItemProxy */;
		};
		C00000000000000000000006 /* PBXTargetDependency */ = {
			isa = PBXTargetDependency;
			target = A00000000000000000000004 /* StornautLifecycleHelper */;
			targetProxy = C00000000000000000000005 /* PBXContainerItemProxy */;
		};
/* End PBXTargetDependency section */

/* Begin XCBuildConfiguration section */
		A00000000000000000000100 /* Debug */ = {
			isa = XCBuildConfiguration;
			buildSettings = {
				ALWAYS_SEARCH_USER_PATHS = NO;
				ARCHS = arm64;
				CLANG_ENABLE_MODULES = YES;
				COPY_PHASE_STRIP = NO;
				DEBUG_INFORMATION_FORMAT = dwarf;
				ENABLE_STRICT_OBJC_MSGSEND = YES;
				GCC_C_LANGUAGE_STANDARD = gnu17;
				GCC_NO_COMMON_BLOCKS = YES;
				GCC_OPTIMIZATION_LEVEL = 0;
				MACOSX_DEPLOYMENT_TARGET = 26.0;
				ONLY_ACTIVE_ARCH = YES;
				SDKROOT = macosx;
				SWIFT_ACTIVE_COMPILATION_CONDITIONS = DEBUG;
				SWIFT_OPTIMIZATION_LEVEL = "-Onone";
				SWIFT_VERSION = 6.0;
			};
			name = Debug;
		};
		A00000000000000000000101 /* Release */ = {
			isa = XCBuildConfiguration;
			buildSettings = {
				ALWAYS_SEARCH_USER_PATHS = NO;
				ARCHS = arm64;
				CLANG_ENABLE_MODULES = YES;
				COPY_PHASE_STRIP = YES;
				DEBUG_INFORMATION_FORMAT = "dwarf-with-dsym";
				ENABLE_NS_ASSERTIONS = NO;
				ENABLE_STRICT_OBJC_MSGSEND = YES;
				GCC_C_LANGUAGE_STANDARD = gnu17;
				GCC_NO_COMMON_BLOCKS = YES;
				MACOSX_DEPLOYMENT_TARGET = 26.0;
				ONLY_ACTIVE_ARCH = NO;
				SDKROOT = macosx;
				SWIFT_COMPILATION_MODE = wholemodule;
				SWIFT_OPTIMIZATION_LEVEL = "-O";
				SWIFT_VERSION = 6.0;
			};
			name = Release;
		};
		A00000000000000000000110 /* Debug */ = {
			isa = XCBuildConfiguration;
			buildSettings = {
				ARCHS = arm64;
				CODE_SIGN_ENTITLEMENTS = StornautApp/StornautApp.entitlements;
				CODE_SIGN_IDENTITY = "-";
				CODE_SIGN_STYLE = Manual;
				COMBINE_HIDPI_IMAGES = YES;
				COPY_PHASE_STRIP = NO;
				CURRENT_PROJECT_VERSION = 1;
				ENABLE_APP_SANDBOX = NO;
				ENABLE_HARDENED_RUNTIME = NO;
				ENABLE_TESTABILITY = YES;
				GENERATE_INFOPLIST_FILE = NO;
				INFOPLIST_FILE = StornautApp/Info.plist;
				LD_RUNPATH_SEARCH_PATHS = "$(inherited) @executable_path/../Frameworks";
				MACOSX_DEPLOYMENT_TARGET = 26.0;
				MARKETING_VERSION = 0.1.0;
				ONLY_ACTIVE_ARCH = YES;
				PRODUCT_BUNDLE_IDENTIFIER = com.eriklee.stornaut;
				PRODUCT_MODULE_NAME = StornautApp;
				PRODUCT_NAME = Stornaut;
				SDKROOT = macosx;
				SUPPORTED_PLATFORMS = macosx;
				SWIFT_EMIT_LOC_STRINGS = YES;
				SWIFT_VERSION = 6.0;
			};
			name = Debug;
		};
		A00000000000000000000111 /* Release */ = {
			isa = XCBuildConfiguration;
			buildSettings = {
				ARCHS = arm64;
				CODE_SIGN_ENTITLEMENTS = StornautApp/StornautApp.entitlements;
				CODE_SIGN_IDENTITY = "-";
				CODE_SIGN_STYLE = Manual;
				COMBINE_HIDPI_IMAGES = YES;
				COPY_PHASE_STRIP = NO;
				CURRENT_PROJECT_VERSION = 1;
				ENABLE_APP_SANDBOX = NO;
				ENABLE_HARDENED_RUNTIME = NO;
				GENERATE_INFOPLIST_FILE = NO;
				INFOPLIST_FILE = StornautApp/Info.plist;
				LD_RUNPATH_SEARCH_PATHS = "$(inherited) @executable_path/../Frameworks";
				MACOSX_DEPLOYMENT_TARGET = 26.0;
				MARKETING_VERSION = 0.1.0;
				ONLY_ACTIVE_ARCH = NO;
				PRODUCT_BUNDLE_IDENTIFIER = com.eriklee.stornaut;
				PRODUCT_MODULE_NAME = StornautApp;
				PRODUCT_NAME = Stornaut;
				SDKROOT = macosx;
				SUPPORTED_PLATFORMS = macosx;
				SWIFT_EMIT_LOC_STRINGS = YES;
				SWIFT_VERSION = 6.0;
			};
			name = Release;
		};
		A00000000000000000000120 /* Debug */ = {
			isa = XCBuildConfiguration;
			buildSettings = {
				ARCHS = arm64;
				BUNDLE_LOADER = "$(TEST_HOST)";
				CODE_SIGN_IDENTITY = "-";
				CODE_SIGN_STYLE = Manual;
				GENERATE_INFOPLIST_FILE = YES;
				MACOSX_DEPLOYMENT_TARGET = 26.0;
				ONLY_ACTIVE_ARCH = YES;
				PRODUCT_BUNDLE_IDENTIFIER = com.eriklee.stornaut.tests;
				PRODUCT_MODULE_NAME = StornautAppTests;
				PRODUCT_NAME = StornautAppTests;
				SDKROOT = macosx;
				SUPPORTED_PLATFORMS = macosx;
				SWIFT_VERSION = 6.0;
				TEST_HOST = "$(BUILT_PRODUCTS_DIR)/Stornaut.app/Contents/MacOS/Stornaut";
			};
			name = Debug;
		};
		A00000000000000000000121 /* Release */ = {
			isa = XCBuildConfiguration;
			buildSettings = {
				ARCHS = arm64;
				BUNDLE_LOADER = "$(TEST_HOST)";
				CODE_SIGN_IDENTITY = "-";
				CODE_SIGN_STYLE = Manual;
				GENERATE_INFOPLIST_FILE = YES;
				MACOSX_DEPLOYMENT_TARGET = 26.0;
				ONLY_ACTIVE_ARCH = NO;
				PRODUCT_BUNDLE_IDENTIFIER = com.eriklee.stornaut.tests;
				PRODUCT_MODULE_NAME = StornautAppTests;
				PRODUCT_NAME = StornautAppTests;
				SDKROOT = macosx;
				SUPPORTED_PLATFORMS = macosx;
				SWIFT_VERSION = 6.0;
				TEST_HOST = "$(BUILT_PRODUCTS_DIR)/Stornaut.app/Contents/MacOS/Stornaut";
			};
			name = Release;
		};
		A00000000000000000000130 /* Debug */ = {
			isa = XCBuildConfiguration;
			buildSettings = {
				ALWAYS_EMBED_SWIFT_STANDARD_LIBRARIES = YES;
				ARCHS = arm64;
				CODE_SIGN_IDENTITY = "-";
				CODE_SIGN_STYLE = Manual;
				GENERATE_INFOPLIST_FILE = YES;
				MACOSX_DEPLOYMENT_TARGET = 26.0;
				ONLY_ACTIVE_ARCH = YES;
				PRODUCT_BUNDLE_IDENTIFIER = com.eriklee.stornaut.uitests;
				PRODUCT_NAME = StornautAppUITests;
				SDKROOT = macosx;
				SUPPORTED_PLATFORMS = macosx;
				SWIFT_VERSION = 6.0;
				TEST_TARGET_NAME = StornautApp;
			};
			name = Debug;
		};
		A00000000000000000000131 /* Release */ = {
			isa = XCBuildConfiguration;
			buildSettings = {
				ALWAYS_EMBED_SWIFT_STANDARD_LIBRARIES = YES;
				ARCHS = arm64;
				CODE_SIGN_IDENTITY = "-";
				CODE_SIGN_STYLE = Manual;
				GENERATE_INFOPLIST_FILE = YES;
				MACOSX_DEPLOYMENT_TARGET = 26.0;
				ONLY_ACTIVE_ARCH = NO;
				PRODUCT_BUNDLE_IDENTIFIER = com.eriklee.stornaut.uitests;
				PRODUCT_NAME = StornautAppUITests;
				SDKROOT = macosx;
				SUPPORTED_PLATFORMS = macosx;
				SWIFT_VERSION = 6.0;
				TEST_TARGET_NAME = StornautApp;
			};
			name = Release;
		};
		A00000000000000000000140 /* Debug */ = {
			isa = XCBuildConfiguration;
			buildSettings = {
				ARCHS = arm64;
				CODE_SIGN_IDENTITY = "-";
				CODE_SIGN_STYLE = Manual;
				COPY_PHASE_STRIP = NO;
				ENABLE_HARDENED_RUNTIME = NO;
				GENERATE_INFOPLIST_FILE = YES;
				MACOSX_DEPLOYMENT_TARGET = 26.0;
				ONLY_ACTIVE_ARCH = YES;
				PRODUCT_BUNDLE_IDENTIFIER = com.eriklee.stornaut.lifecycle.helper;
				PRODUCT_MODULE_NAME = StornautLifecycleHelper;
				PRODUCT_NAME = StornautLifecycleHelper;
				SDKROOT = macosx;
				SKIP_INSTALL = YES;
				SUPPORTED_PLATFORMS = macosx;
				SWIFT_VERSION = 6.0;
			};
			name = Debug;
		};
		A00000000000000000000141 /* Release */ = {
			isa = XCBuildConfiguration;
			buildSettings = {
				ARCHS = arm64;
				CODE_SIGN_IDENTITY = "-";
				CODE_SIGN_STYLE = Manual;
				COPY_PHASE_STRIP = NO;
				ENABLE_HARDENED_RUNTIME = NO;
				GENERATE_INFOPLIST_FILE = YES;
				MACOSX_DEPLOYMENT_TARGET = 26.0;
				ONLY_ACTIVE_ARCH = NO;
				PRODUCT_BUNDLE_IDENTIFIER = com.eriklee.stornaut.lifecycle.helper;
				PRODUCT_MODULE_NAME = StornautLifecycleHelper;
				PRODUCT_NAME = StornautLifecycleHelper;
				SDKROOT = macosx;
				SKIP_INSTALL = YES;
				SUPPORTED_PLATFORMS = macosx;
				SWIFT_COMPILATION_MODE = wholemodule;
				SWIFT_OPTIMIZATION_LEVEL = "-O";
				SWIFT_VERSION = 6.0;
			};
			name = Release;
		};
/* End XCBuildConfiguration section */

/* Begin XCConfigurationList section */
		A00000000000000000000020 /* Build configuration list for PBXProject "Stornaut" */ = {
			isa = XCConfigurationList;
			buildConfigurations = (
				A00000000000000000000100 /* Debug */,
				A00000000000000000000101 /* Release */,
			);
			defaultConfigurationIsVisible = 0;
			defaultConfigurationName = Debug;
		};
		A00000000000000000000021 /* Build configuration list for PBXNativeTarget "StornautApp" */ = {
			isa = XCConfigurationList;
			buildConfigurations = (
				A00000000000000000000110 /* Debug */,
				A00000000000000000000111 /* Release */,
			);
			defaultConfigurationIsVisible = 0;
			defaultConfigurationName = Debug;
		};
		A00000000000000000000022 /* Build configuration list for PBXNativeTarget "StornautAppTests" */ = {
			isa = XCConfigurationList;
			buildConfigurations = (
				A00000000000000000000120 /* Debug */,
				A00000000000000000000121 /* Release */,
			);
			defaultConfigurationIsVisible = 0;
			defaultConfigurationName = Debug;
		};
		A00000000000000000000023 /* Build configuration list for PBXNativeTarget "StornautAppUITests" */ = {
			isa = XCConfigurationList;
			buildConfigurations = (
				A00000000000000000000130 /* Debug */,
				A00000000000000000000131 /* Release */,
			);
			defaultConfigurationIsVisible = 0;
			defaultConfigurationName = Debug;
		};
		A00000000000000000000024 /* Build configuration list for PBXNativeTarget "StornautLifecycleHelper" */ = {
			isa = XCConfigurationList;
			buildConfigurations = (
				A00000000000000000000140 /* Debug */,
				A00000000000000000000141 /* Release */,
			);
			defaultConfigurationIsVisible = 0;
			defaultConfigurationName = Debug;
		};
/* End XCConfigurationList section */

/* Begin XCLocalSwiftPackageReference section */
		F00000000000000000000001 /* XCLocalSwiftPackageReference "." */ = {
			isa = XCLocalSwiftPackageReference;
			relativePath = .;
		};
/* End XCLocalSwiftPackageReference section */

/* Begin XCSwiftPackageProductDependency section */
		F00000000000000000000002 /* StornautCore */ = {
			isa = XCSwiftPackageProductDependency;
			productName = StornautCore;
		};
		F00000000000000000000003 /* StornautCodex */ = {
			isa = XCSwiftPackageProductDependency;
			productName = StornautCodex;
		};
		F00000000000000000000004 /* StornautLifecycle */ = {
			isa = XCSwiftPackageProductDependency;
			productName = StornautLifecycle;
		};
/* End XCSwiftPackageProductDependency section */
	};
	rootObject = A00000000000000000000000 /* Project object */;
}
